
Microsoft Visual Studio Solution File, Format Version 12.00
# Visual Studio Version 16
VisualStudioVersion = 16.0.31321.278
MinimumVisualStudioVersion = 10.0.40219.1
Project("{FAE04EC0-301F-11D3-BF4B-00C04F79EFBC}") = "今天吃啥", "今天吃啥\今天吃啥.csproj", "{D01A6285-63A6-4817-86F8-C71023CB59A8}"
EndProject
Global
	GlobalSection(SolutionConfigurationPlatforms) = preSolution
		Debug|Any CPU = Debug|Any CPU
		Release|Any CPU = Release|Any CPU
	EndGlobalSection
	GlobalSection(ProjectConfigurationPlatforms) = postSolution
		{D01A6285-63A6-4817-86F8-C71023CB59A8}.Debug|Any CPU.ActiveCfg = Debug|Any CPU
		{D01A6285-63A6-4817-86F8-C71023CB59A8}.Debug|Any CPU.Build.0 = Debug|Any CPU
		{D01A6285-63A6-4817-86F8-C71023CB59A8}.Release|Any CPU.ActiveCfg = Release|Any CPU
		{D01A6285-63A6-4817-86F8-C71023CB59A8}.Release|Any CPU.Build.0 = Release|Any CPU
	EndGlobalSection
	GlobalSection(SolutionProperties) = preSolution
		HideSolutionNode = FALSE
	EndGlobalSection
	GlobalSection(ExtensibilityGlobals) = postSolution
		SolutionGuid = {55121690-E69D-4A68-8B59-9C9FFA1AEEE0}
	EndGlobalSection
EndGlobal
